
Microsoft Visual Studio Solution File, Format Version 12.00
# Visual Studio Version 17
VisualStudioVersion = 17.2.32616.157
MinimumVisualStudioVersion = 10.0.40219.1
Project("{9A19103F-16F7-4668-BE54-9A1E7A4F7556}") = "HI_TechTest_BDD", "HI_TechTest_BDD.csproj", "{C3492A45-21BC-420C-A559-9B0604904F8D}"
EndProject
Global
	GlobalSection(SolutionConfigurationPlatforms) = preSolution
		Debug|Any CPU = Debug|Any CPU
		Release|Any CPU = Release|Any CPU
	EndGlobalSection
	GlobalSection(ProjectConfigurationPlatforms) = postSolution
		{C3492A45-21BC-420C-A559-9B0604904F8D}.Debug|Any CPU.ActiveCfg = Debug|Any CPU
		{C3492A45-21BC-420C-A559-9B0604904F8D}.Debug|Any CPU.Build.0 = Debug|Any CPU
		{C3492A45-21BC-420C-A559-9B0604904F8D}.Release|Any CPU.ActiveCfg = Release|Any CPU
		{C3492A45-21BC-420C-A559-9B0604904F8D}.Release|Any CPU.Build.0 = Release|Any CPU
	EndGlobalSection
	GlobalSection(SolutionProperties) = preSolution
		HideSolutionNode = FALSE
	EndGlobalSection
	GlobalSection(ExtensibilityGlobals) = postSolution
		SolutionGuid = {51BBB8CE-85C2-4C2C-8AF3-1DE5D6FBD81B}
	EndGlobalSection
EndGlobal
